
Microsoft Visual Studio Solution File, Format Version 12.00
# Visual Studio Version 17
VisualStudioVersion = 17.12.35527.113 d17.12
MinimumVisualStudioVersion = 10.0.40219.1
Project("{FAE04EC0-301F-11D3-BF4B-00C04F79EFBC}") = "LMS_Assignment4", "LMS_Assignment4\LMS_Assignment4.csproj", "{4DA9A64B-8912-461A-AD73-8AC05DA67CA1}"
EndProject
Project("{FAE04EC0-301F-11D3-BF4B-00C04F79EFBC}") = "Assignment", "Assignment\Assignment.csproj", "{39B8D8E6-B2E5-4FC5-A976-F238859B74BC}"
EndProject
Global
	GlobalSection(SolutionConfigurationPlatforms) = preSolution
		Debug|Any CPU = Debug|Any CPU
		Release|Any CPU = Release|Any CPU
	EndGlobalSection
	GlobalSection(ProjectConfigurationPlatforms) = postSolution
		{4DA9A64B-8912-461A-AD73-8AC05DA67CA1}.Debug|Any CPU.ActiveCfg = Debug|Any CPU
		{4DA9A64B-8912-461A-AD73-8AC05DA67CA1}.Debug|Any CPU.Build.0 = Debug|Any CPU
		{4DA9A64B-8912-461A-AD73-8AC05DA67CA1}.Release|Any CPU.ActiveCfg = Release|Any CPU
		{4DA9A64B-8912-461A-AD73-8AC05DA67CA1}.Release|Any CPU.Build.0 = Release|Any CPU
		{39B8D8E6-B2E5-4FC5-A976-F238859B74BC}.Debug|Any CPU.ActiveCfg = Debug|Any CPU
		{39B8D8E6-B2E5-4FC5-A976-F238859B74BC}.Debug|Any CPU.Build.0 = Debug|Any CPU
		{39B8D8E6-B2E5-4FC5-A976-F238859B74BC}.Release|Any CPU.ActiveCfg = Release|Any CPU
		{39B8D8E6-B2E5-4FC5-A976-F238859B74BC}.Release|Any CPU.Build.0 = Release|Any CPU
	EndGlobalSection
	GlobalSection(SolutionProperties) = preSolution
		HideSolutionNode = FALSE
	EndGlobalSection
EndGlobal
